
Microsoft Visual Studio Solution File, Format Version 12.00
# Visual Studio 2013
VisualStudioVersion = 12.0.40629.0
MinimumVisualStudioVersion = 10.0.40219.1
Project("{FAE04EC0-301F-11D3-BF4B-00C04F79EFBC}") = "COMP2614Assign06", "COMP2614Assign06\COMP2614Assign06.csproj", "{027511BD-2D5C-4C91-89AC-BBABCC7C2422}"
EndProject
Project("{FAE04EC0-301F-11D3-BF4B-00C04F79EFBC}") = "SqlDataServerAccess", "SqlDataServerAccess\SqlDataServerAccess.csproj", "{00799160-51D1-4863-BF08-53CDEAC23C7E}"
EndProject
Global
	GlobalSection(SolutionConfigurationPlatforms) = preSolution
		Debug|Any CPU = Debug|Any CPU
		Release|Any CPU = Release|Any CPU
	EndGlobalSection
	GlobalSection(ProjectConfigurationPlatforms) = postSolution
		{027511BD-2D5C-4C91-89AC-BBABCC7C2422}.Debug|Any CPU.ActiveCfg = Debug|Any CPU
		{027511BD-2D5C-4C91-89AC-BBABCC7C2422}.Debug|Any CPU.Build.0 = Debug|Any CPU
		{027511BD-2D5C-4C91-89AC-BBABCC7C2422}.Release|Any CPU.ActiveCfg = Release|Any CPU
		{027511BD-2D5C-4C91-89AC-BBABCC7C2422}.Release|Any CPU.Build.0 = Release|Any CPU
		{00799160-51D1-4863-BF08-53CDEAC23C7E}.Debug|Any CPU.ActiveCfg = Debug|Any CPU
		{00799160-51D1-4863-BF08-53CDEAC23C7E}.Debug|Any CPU.Build.0 = Debug|Any CPU
		{00799160-51D1-4863-BF08-53CDEAC23C7E}.Release|Any CPU.ActiveCfg = Release|Any CPU
		{00799160-51D1-4863-BF08-53CDEAC23C7E}.Release|Any CPU.Build.0 = Release|Any CPU
	EndGlobalSection
	GlobalSection(SolutionProperties) = preSolution
		HideSolutionNode = FALSE
	EndGlobalSection
EndGlobal
